opencode-linux-x64-baseline 4ad582f35b2a006cec8a0eb4d94eb1ba2dedd18fe426d65198977e1f5c584d8ef354b219e08b9c6f55a9d27a3a03bfec0e3e95aad14a74bef5f2eb07f76b0704 https://registry.npmjs.org/opencode-linux-x64-baseline/-/opencode-linux-x64-baseline-1.18.34.tgz
opencode-linux-x64-baseline-musl 2d734105ee0c04ac1ad66b1075574a76be89e3ccd6e330b4e61fbeea7f5adafc2b9bdcd4411e67ed9712eaabd59c4a6b97fa92071f494d365b911ac1e0521ecd https://registry.npmjs.org/opencode-linux-x64-baseline-musl/-/opencode-linux-x64-baseline-musl-1.18.34.tgz
opencode-linux-arm64 6528ea707d0c11b0332c49a4442f40a29d4f6d66717b636e28e34013fc7c31141d8ca74e7a95fb339d14a636ec36888b3243f9f3867df0c8386b8d9f261a2ebc https://registry.npmjs.org/opencode-linux-arm64/-/opencode-linux-arm64-1.18.34.tgz
opencode-linux-arm64-musl de209461c2746bacf8423aa0a42080d06d1c24708d8894a0eb3c54cfd9d066f43cb40247d1f82b23c42ee44dd1b91bc5c24ef9a0e40bf221c15b9703dcfc2baf https://registry.npmjs.org/opencode-linux-arm64-musl/-/opencode-linux-arm64-musl-1.18.34.tgz
opencode-darwin-x64-baseline 585f647701910e4b2cea3051ea54776c6eba53cd38a2711a44e634cd1b695b1daeca16b12ad2e7395ef8058b92ef599eaa46ecc4b340d5264a7e2f2abd2f0724 https://registry.npmjs.org/opencode-darwin-x64-baseline/-/opencode-darwin-x64-baseline-1.18.34.tgz
opencode-darwin-arm64 8a8044bdcde7500eb8c1a0c856ca6187dd8b8098324dbabeb917743aeaddaaa4fd58423dae9e09ecdac0db835f2fa7a909ad57af4e939d1c79fad87d5b74ffb0 https://registry.npmjs.org/opencode-darwin-arm64/-/opencode-darwin-arm64-1.18.34.tgz
opencode-windows-x64-baseline 360e11e410d64bfc47987ca3042da14296a422bbeedef62f3bb536a05f36d318e2875549978cce379d951ad4f8661d68ea46dff1feacef22cf333cdb946497bb https://registry.npmjs.org/opencode-windows-x64-baseline/-/opencode-windows-x64-baseline-1.18.34.tgz
opencode-windows-arm64 5b5b029993f2c158c74da2bcf004964cb391d94705ef42c136225d74aa011bc6316fbd1abe5f86525a4d35ad36e84eb2f53f38b379f9c59d3b64beeee96a3713 https://registry.npmjs.org/opencode-windows-arm64/-/opencode-windows-arm64-1.18.34.tgz
